
Microsoft Visual Studio Solution File, Format Version 12.00
# Visual Studio Version 16
VisualStudioVersion = 16.0.29920.165
MinimumVisualStudioVersion = 10.0.40219.1
Project("{FAE04EC0-301F-11D3-BF4B-00C04F79EFBC}") = "Shortest Job First", "Shortest Job First.csproj", "{BF8E7167-AFC3-4A4B-9C8D-C7DACC5FD392}"
EndProject
Global
	GlobalSection(SolutionConfigurationPlatforms) = preSolution
		Debug|Any CPU = Debug|Any CPU
		Release|Any CPU = Release|Any CPU
	EndGlobalSection
	GlobalSection(ProjectConfigurationPlatforms) = postSolution
		{BF8E7167-AFC3-4A4B-9C8D-C7DACC5FD392}.Debug|Any CPU.ActiveCfg = Debug|Any CPU
		{BF8E7167-AFC3-4A4B-9C8D-C7DACC5FD392}.Debug|Any CPU.Build.0 = Debug|Any CPU
		{BF8E7167-AFC3-4A4B-9C8D-C7DACC5FD392}.Release|Any CPU.ActiveCfg = Release|Any CPU
		{BF8E7167-AFC3-4A4B-9C8D-C7DACC5FD392}.Release|Any CPU.Build.0 = Release|Any CPU
	EndGlobalSection
	GlobalSection(SolutionProperties) = preSolution
		HideSolutionNode = FALSE
	EndGlobalSection
	GlobalSection(ExtensibilityGlobals) = postSolution
		SolutionGuid = {081A595A-2548-46BF-B8B3-D1595C1AB922}
	EndGlobalSection
EndGlobal
